# This file is automatically @generated by Poetry 1.4.0 and should not be changed by hand.

[[package]]
name = "python-sat"
version = "0.1.8.dev9"
description = "A Python library for prototyping with SAT oracles"
category = "main"
optional = false
python-versions = "*"
files = [
    {file = "python-sat-0.1.8.dev9.tar.gz", hash = "sha256:d5336663e68fd25a720bd64e1e8ccf9fb5005618485dbe40fad5a057631ffa34"},
    {file = "python_sat-0.1.8.dev9-cp27-cp27m-manylinux_2_5_i686.manylinux1_i686.whl", hash = "sha256:aa7f40bc3fe5c342dd9b29dd32db222b9ff6cc7e689a2c816a15f255ebd58f5b"},
    {file = "python_sat-0.1.8.dev9-cp27-cp27m-manylinux_2_5_x86_64.manylinux1_x86_64.whl", hash = "sha256:7531f79d3916bd7f546dcb5309576455b599fd267c2fbddaf6cf76ad0c3d9aa6"},
    {file = "python_sat-0.1.8.dev9-cp27-cp27mu-manylinux_2_5_i686.manylinux1_i686.whl", hash = "sha256:a797604d9da44d67e71116f59d94cd2a3428993e8d78db480fa321e0002be1b1"},
    {file = "python_sat-0.1.8.dev9-cp27-cp27mu-manylinux_2_5_x86_64.manylinux1_x86_64.whl", hash = "sha256:f8a388c964ba55fcb064780ee5b7a9d38b584c0bf909a29c88f669b130d700da"},
    {file = "python_sat-0.1.8.dev9-cp310-cp310-macosx_13_0_arm64.whl", hash = "sha256:6103dc02174a2408e69a8edcc1dab45b28a9d6ff94b3f20fb6196facea660c5c"},
    {file = "python_sat-0.1.8.dev9-cp310-cp310-macosx_13_0_x86_64.whl", hash = "sha256:560570193b7390c1ef7396eeaf757746f7c8600f69055fcfbbff7b617417b8c5"},
    {file = "python_sat-0.1.8.dev9-cp310-cp310-manylinux_2_12_x86_64.manylinux2010_x86_64.whl", hash = "sha256:dc7f5f861f99f20932b425ad2320ca9eaceb9c11821573d539333059d3af8890"},
    {file = "python_sat-0.1.8.dev9-cp310-cp310-manylinux_2_17_aarch64.manylinux2014_aarch64.whl", hash = "sha256:ac196d88eb0719265748d4a133c8d6a190b6264943e54993486f9a9932b062ab"},
    {file = "python_sat-0.1.8.dev9-cp310-cp310-win_amd64.whl", hash = "sha256:cca8e82b4f953d674f4f29c57ec2a87bc75a337696db801239106511738f9391"},
    {file = "python_sat-0.1.8.dev9-cp311-cp311-macosx_13_0_arm64.whl", hash = "sha256:07b23b5f975e37e7c093a7241e7ef9bdc1abc500a17dc714c36e005bfc9159cf"},
    {file = "python_sat-0.1.8.dev9-cp311-cp311-macosx_13_0_x86_64.whl", hash = "sha256:b71507157a03ae635b64101417628926f0059766a84e1461c0df44ba0824c0c6"},
    {file = "python_sat-0.1.8.dev9-cp311-cp311-manylinux_2_17_aarch64.manylinux2014_aarch64.whl", hash = "sha256:32d86eaaee18d011f893b83b2c3bff88e2b71805a7f60ff2a5c7d67fc760e67a"},
    {file = "python_sat-0.1.8.dev9-cp311-cp311-win_amd64.whl", hash = "sha256:3d41b729a7fc4884c853be1f7b3a1a888197da4146f91c8d02ae6f8cb72b963a"},
    {file = "python_sat-0.1.8.dev9-cp35-cp35m-manylinux_2_5_i686.manylinux1_i686.whl", hash = "sha256:da250c49ad9ac434d609dec8dc215077f6ec7365b9659d67c85c10dcb433159e"},
    {file = "python_sat-0.1.8.dev9-cp35-cp35m-manylinux_2_5_x86_64.manylinux1_x86_64.whl", hash = "sha256:18fb2edfa58b7335bf1373bae2902b861690e8279f9410941127ed75f8e95e0d"},
    {file = "python_sat-0.1.8.dev9-cp36-cp36m-manylinux_2_17_aarch64.manylinux2014_aarch64.whl", hash = "sha256:81cdd100efa6cfe6f68e8a002626bea6ef50870c5d2152761719eb0a1fb3210a"},
    {file = "python_sat-0.1.8.dev9-cp36-cp36m-manylinux_2_5_i686.manylinux1_i686.whl", hash = "sha256:7e3225de672d343f3a9dbf01326536fb144c134c6dbcc8158875b2bb0eddc9f9"},
    {file = "python_sat-0.1.8.dev9-cp36-cp36m-manylinux_2_5_x86_64.manylinux1_x86_64.manylinux_2_12_x86_64.manylinux2010_x86_64.whl", hash = "sha256:03928e6304d8f3ebb2dbf2d3df14c7c9d7ae71393319f8c1d6a9cc161412777e"},
    {file = "python_sat-0.1.8.dev9-cp36-cp36m-manylinux_2_5_x86_64.manylinux1_x86_64.whl", hash = "sha256:2e53112710aab42f2b1363a793d40a6fc9d2e9c8358b87fed15c1ecf9616f6ad"},
    {file = "python_sat-0.1.8.dev9-cp36-cp36m-win_amd64.whl", hash = "sha256:e063f0b3b96a4251a5d13e7954ada21698577a15472729b3314a3a0dbeafaee7"},
    {file = "python_sat-0.1.8.dev9-cp37-cp37m-manylinux_2_17_aarch64.manylinux2014_aarch64.whl", hash = "sha256:80b6c86f5ce9db63193e59de7f079f063780c06d567291ea002d0aa6da005f4a"},
    {file = "python_sat-0.1.8.dev9-cp37-cp37m-manylinux_2_5_i686.manylinux1_i686.whl", hash = "sha256:4f809cf648c4b363db865bceec24837a2433a23b6f0ac4d4fc311365cff94c85"},
    {file = "python_sat-0.1.8.dev9-cp37-cp37m-manylinux_2_5_x86_64.manylinux1_x86_64.manylinux_2_12_x86_64.manylinux2010_x86_64.whl", hash = "sha256:93295902e918b6034b35e43f4b3ecad691930bd2dda6f5b2a88241476c7f816f"},
    {file = "python_sat-0.1.8.dev9-cp37-cp37m-manylinux_2_5_x86_64.manylinux1_x86_64.whl", hash = "sha256:c4b39ca9e4aa5e72c6b7d2595a54b230f4d329cd5e927ff57b21f2e561d6f180"},
    {file = "python_sat-0.1.8.dev9-cp37-cp37m-win_amd64.whl", hash = "sha256:83ab23bd94b269f70489a7f212c7fb4e2af06bcdce87e2452c434d313756c04c"},
    {file = "python_sat-0.1.8.dev9-cp38-cp38-macosx_13_0_arm64.whl", hash = "sha256:bdcd02136887ce39353dc5ea3c0e9b1fa22a87b8159e5d284d2a563848962077"},
    {file = "python_sat-0.1.8.dev9-cp38-cp38-macosx_13_0_x86_64.whl", hash = "sha256:29ec8f4c4612a8ab835a72d09781f7b71da02c9721c574299f75389f4ef55938"},
    {file = "python_sat-0.1.8.dev9-cp38-cp38-manylinux_2_17_aarch64.manylinux2014_aarch64.whl", hash = "sha256:52e029ba031569ec59823541760f47adc129b191b94becf48d1c241807f40089"},
    {file = "python_sat-0.1.8.dev9-cp38-cp38-manylinux_2_5_i686.manylinux1_i686.whl", hash = "sha256:8a111e5c0e239794046b36b72ca24175aa7a9c4fe58d21abe584ce5f4a40c261"},
    {file = "python_sat-0.1.8.dev9-cp38-cp38-manylinux_2_5_x86_64.manylinux1_x86_64.manylinux_2_12_x86_64.manylinux2010_x86_64.whl", hash = "sha256:bdad0a5073c0afe7ae985065fa1d225f649bac41f5b0f9e6ad8568c98305b481"},
    {file = "python_sat-0.1.8.dev9-cp38-cp38-manylinux_2_5_x86_64.manylinux1_x86_64.whl", hash = "sha256:73c00d4be0c7457e3a9ce2ef9baac2cf5d9992cd66fc35a67d301d0c07919feb"},
    {file = "python_sat-0.1.8.dev9-cp38-cp38-win_amd64.whl", hash = "sha256:904762c0c6e264199c466bbbd57f25d958ecf2b4913c67e4886dbf3eeb570bd3"},
    {file = "python_sat-0.1.8.dev9-cp39-cp39-macosx_13_0_arm64.whl", hash = "sha256:75011e98fe528a64433549121b3ae7c64929a97daf5eb5e37adc56c4f77a2d7f"},
    {file = "python_sat-0.1.8.dev9-cp39-cp39-macosx_13_0_x86_64.whl", hash = "sha256:8a9d1c6ddef5bb613af1c80d03a3c277801ae1dab36dccb0dea8ddeb0bccb65d"},
    {file = "python_sat-0.1.8.dev9-cp39-cp39-manylinux_2_17_aarch64.manylinux2014_aarch64.whl", hash = "sha256:76ebcfaf74fd399eed366673c89bb24791ee4a07339f011318e4bef4fea71b51"},
    {file = "python_sat-0.1.8.dev9-cp39-cp39-manylinux_2_5_i686.manylinux1_i686.whl", hash = "sha256:d49db784ec7ed66a0b58b8f4da9a8ea941635847201a2dfc74afe2bdcbf42018"},
    {file = "python_sat-0.1.8.dev9-cp39-cp39-manylinux_2_5_x86_64.manylinux1_x86_64.manylinux_2_12_x86_64.manylinux2010_x86_64.whl", hash = "sha256:b354317e566a0609e5a71fd72eb6984d8825216f1a01fbd6f0ee51b4babb16fe"},
    {file = "python_sat-0.1.8.dev9-cp39-cp39-manylinux_2_5_x86_64.manylinux1_x86_64.whl", hash = "sha256:753c6128d826a1c446488c899527e5ead6378188ba8c7c381bc411de8df10123"},
    {file = "python_sat-0.1.8.dev9-cp39-cp39-win_amd64.whl", hash = "sha256:ac170fc4522ba5c71fb5eabf0811dcfe70b08ea1bce8fcde44e400590e4a1d17"},
    {file = "python_sat-0.1.8.dev9-pp310-pypy310_pp73-macosx_10_9_x86_64.whl", hash = "sha256:693e8879ebb8afa63c8c772f65c01d70371c451ed45657cb417f39d938fe8ae0"},
    {file = "python_sat-0.1.8.dev9-pp310-pypy310_pp73-macosx_11_0_arm64.whl", hash = "sha256:378652b87cef22b19644662ab10df21e7555f2eef12b95a9347b0a962acf4d19"},
    {file = "python_sat-0.1.8.dev9-pp37-pypy37_pp73-manylinux_2_12_x86_64.manylinux2010_x86_64.whl", hash = "sha256:c0c0d2b54db7ec72e29c20e8a3483d759128f48445e46b4627e27b56ab78ae3d"},
    {file = "python_sat-0.1.8.dev9-pp37-pypy37_pp73-manylinux_2_17_aarch64.manylinux2014_aarch64.whl", hash = "sha256:916e604579a856a44499ab760574f31aa8a66ce6450a9cea6c12b76ce6697c7a"},
    {file = "python_sat-0.1.8.dev9-pp38-pypy38_pp73-manylinux_2_12_x86_64.manylinux2010_x86_64.whl", hash = "sha256:b58ff9a424ba5cd3aaed2504fc9f7774393ac49b797f9704f3950351bd94a822"},
    {file = "python_sat-0.1.8.dev9-pp38-pypy38_pp73-manylinux_2_17_aarch64.manylinux2014_aarch64.whl", hash = "sha256:cde7e9f478e450d79d304b31de86a89128fc28169d244e9b4dcd11145578965a"},
    {file = "python_sat-0.1.8.dev9-pp39-pypy39_pp73-macosx_10_9_x86_64.whl", hash = "sha256:5e01342b5be26d5d1b936c613c402e3ab1afedf8866e1546b988e7b0214a7d42"},
    {file = "python_sat-0.1.8.dev9-pp39-pypy39_pp73-macosx_11_0_arm64.whl", hash = "sha256:77924658ea57463b1e206ee4f04d10da40278d972283ea8d617e751092f67a78"},
    {file = "python_sat-0.1.8.dev9-pp39-pypy39_pp73-manylinux_2_17_aarch64.manylinux2014_aarch64.whl", hash = "sha256:f68c57930c13aa1b0e242b3854eba4caf8597f5aa2e94e1042854033fabcd3f6"},
]

[package.dependencies]
six = "*"

[package.extras]
aiger = ["py-aiger-cnf (>=2.0.0)"]
approxmc = ["pyapproxmc (>=4.1.8)"]
pblib = ["pypblib (>=0.0.3)"]

[[package]]
name = "six"
version = "1.16.0"
description = "Python 2 and 3 compatibility utilities"
category = "main"
optional = false
python-versions = ">=2.7, !=3.0.*, !=3.1.*, !=3.2.*"
files = [
    {file = "six-1.16.0-py2.py3-none-any.whl", hash = "sha256:8abb2f1d86890a2dfb989f9a77cfcfd3e47c2a354b01111771326f8aa26e0254"},
    {file = "six-1.16.0.tar.gz", hash = "sha256:1e61c37477a1626458e36f7b1d82aa5c9b094fa4802892072e49de9c60c4c926"},
]

[metadata]
lock-version = "2.0"
python-versions = "^3.11"
content-hash = "49b4d849a22e98805de3f83332ca71ccf7031852b37ab047f162fd18614f64b7"
